// !$*UTF8*$!
{
	archiveVersion = 1;
	classes = {
	};
	objectVersion = 77;
	objects = {

/* Begin PBXContainerItemProxy section */
		34D0E65A2E1877D1004F45A3 /* PBXContainerItemProxy */ = {
			isa = PBXContainerItemProxy;
			containerPortal = 34D0E63B2E1877CF004F45A3 /* Project object */;
			proxyType = 1;
			remoteGlobalIDString = 34D0E6422E1877CF004F45A3;
			remoteInfo = "aha-mobile";
		};
		34D0E6642E1877D1004F45A3 /* PBXContainerItemProxy */ = {
			isa = PBXContainerItemProxy;
			containerPortal = 34D0E63B2E1877CF004F45A3 /* Project object */;
			proxyType = 1;
			remoteGlobalIDString = 34D0E6422E1877CF004F45A3;
			remoteInfo = "aha-mobile";
		};
/* End PBXContainerItemProxy section */

/* Begin PBXFileReference section */
		34D0E6432E1877CF004F45A3 /* aha-mobile.app */ = {isa = PBXFileReference; explicitFileType = wrapper.application; includeInIndex = 0; path = "aha-mobile.app"; sourceTree = BUILT_PRODUCTS_DIR; };
		34D0E6592E1877D1004F45A3 /* aha-mobileTests.xctest */ = {isa = PBXFileReference; explicitFileType = wrapper.cfbundle; includeInIndex = 0; path = "aha-mobileTests.xctest"; sourceTree = BUILT_PRODUCTS_DIR; };
		34D0E6632E1877D1004F45A3 /* aha-mobileUITests.xctest */ = {isa = PBXFileReference; explicitFileType = wrapper.cfbundle; includeInIndex = 0; path = "aha-mobileUITests.xctest"; sourceTree = BUILT_PRODUCTS_DIR; };
/* End PBXFileReference section */

/* Begin PBXFileSystemSynchronizedBuildFileExceptionSet section */
		34D0E66B2E1877D1004F45A3 /* Exceptions for "aha-mobile" folder in "aha-mobile" target */ = {
			isa = PBXFileSystemSynchronizedBuildFileExceptionSet;
			membershipExceptions = (
				Info.plist,
			);
			target = 34D0E6422E1877CF004F45A3 /* aha-mobile */;
		};
/* End PBXFileSystemSynchronizedBuildFileExceptionSet section */

/* Begin PBXFileSystemSynchronizedRootGroup section */
		34D0E6452E1877CF004F45A3 /* aha-mobile */ = {
			isa = PBXFileSystemSynchronizedRootGroup;
			exceptions = (
				34D0E66B2E1877D1004F45A3 /* Exceptions for "aha-mobile" folder in "aha-mobile" target */,
			);
			path = "aha-mobile";
			sourceTree = "<group>";
		};
		34D0E65C2E1877D1004F45A3 /* aha-mobileTests */ = {
			isa = PBXFileSystemSynchronizedRootGroup;
			path = "aha-mobileTests";
			sourceTree = "<group>";
		};
		34D0E6662E1877D1004F45A3 /* aha-mobileUITests */ = {
			isa = PBXFileSystemSynchronizedRootGroup;
			path = "aha-mobileUITests";
			sourceTree = "<group>";
		};
/* End PBXFileSystemSynchronizedRootGroup section */

/* Begin PBXFrameworksBuildPhase section */
		34D0E6402E1877CF004F45A3 /* Frameworks */ = {
			isa = PBXFrameworksBuildPhase;
			buildActionMask = 2147483647;
			files = (
			);
			runOnlyForDeploymentPostprocessing = 0;
		};
		34D0E6562E1877D1004F45A3 /* Frameworks */ = {
			isa = PBXFrameworksBuildPhase;
			buildActionMask = 2147483647;
			files = (
			);
			runOnlyForDeploymentPostprocessing = 0;
		};
		34D0E6602E1877D1004F45A3 /* Frameworks */ = {
			isa = PBXFrameworksBuildPhase;
			buildActionMask = 2147483647;
			files = (
			);
			runOnlyForDeploymentPostprocessing = 0;
		};
/* End PBXFrameworksBuildPhase section */

/* Begin PBXGroup section */
		34D0E63A2E1877CF004F45A3 = {
			isa = PBXGroup;
			children = (
				34D0E6452E1877CF004F45A3 /* aha-mobile */,
				34D0E65C2E1877D1004F45A3 /* aha-mobileTests */,
				34D0E6662E1877D1004F45A3 /* aha-mobileUITests */,
				34D0E6442E1877CF004F45A3 /* Products */,
			);
			sourceTree = "<group>";
		};
		34D0E6442E1877CF004F45A3 /* Products */ = {
			isa = PBXGroup;
			children = (
				34D0E6432E1877CF004F45A3 /* aha-mobile.app */,
				34D0E6592E1877D1004F45A3 /* aha-mobileTests.xctest */,
				34D0E6632E1877D1004F45A3 /* aha-mobileUITests.xctest */,
			);
			name = Products;
			sourceTree = "<group>";
		};
/* End PBXGroup section */

/* Begin PBXNativeTarget section */
		34D0E6422E1877CF004F45A3 /* aha-mobile */ = {
			isa = PBXNativeTarget;
			buildConfigurationList = 34D0E66C2E1877D1004F45A3 /* Build configuration list for PBXNativeTarget "aha-mobile" */;
			buildPhases = (
				34D0E63F2E1877CF004F45A3 /* Sources */,
				34D0E6402E1877CF004F45A3 /* Frameworks */,
				34D0E6412E1877CF004F45A3 /* Resources */,
			);
			buildRules = (
			);
			dependencies = (
			);
			fileSystemSynchronizedGroups = (
				34D0E6452E1877CF004F45A3 /* aha-mobile */,
			);
			name = "aha-mobile";
			packageProductDependencies = (
			);
			productName = "aha-mobile";
			productReference = 34D0E6432E1877CF004F45A3 /* aha-mobile.app */;
			productType = "com.apple.product-type.application";
		};
		34D0E6582E1877D1004F45A3 /* aha-mobileTests */ = {
			isa = PBXNativeTarget;
			buildConfigurationList = 34D0E6712E1877D1004F45A3 /* Build configuration list for PBXNativeTarget "aha-mobileTests" */;
			buildPhases = (
				34D0E6552E1877D1004F45A3 /* Sources */,
				34D0E6562E1877D1004F45A3 /* Frameworks */,
				34D0E6572E1877D1004F45A3 /* Resources */,
			);
			buildRules = (
			);
			dependencies = (
				34D0E65B2E1877D1004F45A3 /* PBXTargetDependency */,
			);
			fileSystemSynchronizedGroups = (
				34D0E65C2E1877D1004F45A3 /* aha-mobileTests */,
			);
			name = "aha-mobileTests";
			packageProductDependencies = (
			);
			productName = "aha-mobileTests";
			productReference = 34D0E6592E1877D1004F45A3 /* aha-mobileTests.xctest */;
			productType = "com.apple.product-type.bundle.unit-test";
		};
		34D0E6622E1877D1004F45A3 /* aha-mobileUITests */ = {
			isa = PBXNativeTarget;
			buildConfigurationList = 34D0E6742E1877D1004F45A3 /* Build configuration list for PBXNativeTarget "aha-mobileUITests" */;
			buildPhases = (
				34D0E65F2E1877D1004F45A3 /* Sources */,
				34D0E6602E1877D1004F45A3 /* Frameworks */,
				34D0E6612E1877D1004F45A3 /* Resources */,
			);
			buildRules = (
			);
			dependencies = (
				34D0E6652E1877D1004F45A3 /* PBXTargetDependency */,
			);
			fileSystemSynchronizedGroups = (
				34D0E6662E1877D1004F45A3 /* aha-mobileUITests */,
			);
			name = "aha-mobileUITests";
			packageProductDependencies = (
			);
			productName = "aha-mobileUITests";
			productReference = 34D0E6632E1877D1004F45A3 /* aha-mobileUITests.xctest */;
			productType = "com.apple.product-type.bundle.ui-testing";
		};
/* End PBXNativeTarget section */

/* Begin PBXProject section */
		34D0E63B2E1877CF004F45A3 /* Project object */ = {
			isa = PBXProject;
			attributes = {
				BuildIndependentTargetsInParallel = 1;
				LastSwiftUpdateCheck = 1640;
				LastUpgradeCheck = 1640;
				TargetAttributes = {
					34D0E6422E1877CF004F45A3 = {
						CreatedOnToolsVersion = 16.4;
					};
					34D0E6582E1877D1004F45A3 = {
						CreatedOnToolsVersion = 16.4;
						TestTargetID = 34D0E6422E1877CF004F45A3;
					};
					34D0E6622E1877D1004F45A3 = {
						CreatedOnToolsVersion = 16.4;
						TestTargetID = 34D0E6422E1877CF004F45A3;
					};
				};
			};
			buildConfigurationList = 34D0E63E2E1877CF004F45A3 /* Build configuration list for PBXProject "aha-mobile" */;
			developmentRegion = en;
			hasScannedForEncodings = 0;
			knownRegions = (
				en,
				Base,
			);
			mainGroup = 34D0E63A2E1877CF004F45A3;
			minimizedProjectReferenceProxies = 1;
			preferredProjectObjectVersion = 77;
			productRefGroup = 34D0E6442E1877CF004F45A3 /* Products */;
			projectDirPath = "";
			projectRoot = "";
			targets = (
				34D0E6422E1877CF004F45A3 /* aha-mobile */,
				34D0E6582E1877D1004F45A3 /* aha-mobileTests */,
				34D0E6622E1877D1004F45A3 /* aha-mobileUITests */,
			);
		};
/* End PBXProject section */

/* Begin PBXResourcesBuildPhase section */
		34D0E6412E1877CF004F45A3 /* Resources */ = {
			isa = PBXResourcesBuildPhase;
			buildActionMask = 2147483647;
			files = (
			);
			runOnlyForDeploymentPostprocessing = 0;
		};
		34D0E6572E1877D1004F45A3 /* Resources */ = {
			isa = PBXResourcesBuildPhase;
			buildActionMask = 2147483647;
			files = (
			);
			runOnlyForDeploymentPostprocessing = 0;
		};
		34D0E6612E1877D1004F45A3 /* Resources */ = {
			isa = PBXResourcesBuildPhase;
			buildActionMask = 2147483647;
			files = (
			);
			runOnlyForDeploymentPostprocessing = 0;
		};
/* End PBXResourcesBuildPhase section */

/* Begin PBXSourcesBuildPhase section */
		34D0E63F2E1877CF004F45A3 /* Sources */ = {
			isa = PBXSourcesBuildPhase;
			buildActionMask = 2147483647;
			files = (
			);
			runOnlyForDeploymentPostprocessing = 0;
		};
		34D0E6552E1877D1004F45A3 /* Sources */ = {
			isa = PBXSourcesBuildPhase;
			buildActionMask = 2147483647;
			files = (
			);
			runOnlyForDeploymentPostprocessing = 0;
		};
		34D0E65F2E1877D1004F45A3 /* Sources */ = {
			isa = PBXSourcesBuildPhase;
			buildActionMask = 2147483647;
			files = (
			);
			runOnlyForDeploymentPostprocessing = 0;
		};
/* End PBXSourcesBuildPhase section */

/* Begin PBXTargetDependency section */
		34D0E65B2E1877D1004F45A3 /* PBXTargetDependency */ = {
			isa = PBXTargetDependency;
			target = 34D0E6422E1877CF004F45A3 /* aha-mobile */;
			targetProxy = 34D0E65A2E1877D1004F45A3 /* PBXContainerItemProxy */;
		};
		34D0E6652E1877D1004F45A3 /* PBXTargetDependency */ = {
			isa = PBXTargetDependency;
			target = 34D0E6422E1877CF004F45A3 /* aha-mobile */;
			targetProxy = 34D0E6642E1877D1004F45A3 /* PBXContainerItemProxy */;
		};
/* End PBXTargetDependency section */

/* Begin XCBuildConfiguration section */
		34D0E66D2E1877D1004F45A3 /* Debug */ = {
			isa = XCBuildConfiguration;
			buildSettings = {
				ASSETCATALOG_COMPILER_APPICON_NAME = AppIcon;
				ASSETCATALOG_COMPILER_GLOBAL_ACCENT_COLOR_NAME = AccentColor;
				CODE_SIGN_STYLE = Automatic;
				CURRENT_PROJECT_VERSION = 1;
				DEVELOPMENT_TEAM = P6PV2R9443;
				GENERATE_INFOPLIST_FILE = YES;
				INFOPLIST_FILE = "aha-mobile/Info.plist";
				INFOPLIST_KEY_UIApplicationSupportsIndirectInputEvents = YES;
				INFOPLIST_KEY_UILaunchStoryboardName = LaunchScreen;
				INFOPLIST_KEY_UIMainStoryboardFile = Main;
				INFOPLIST_KEY_UISupportedInterfaceOrientations_iPad = "UIInterfaceOrientationPortrait UIInterfaceOrientationPortraitUpsideDown UIInterfaceOrientationLandscapeLeft UIInterfaceOrientationLandscapeRight";
				INFOPLIST_KEY_UISupportedInterfaceOrientations_iPhone = "UIInterfaceOrientationPortrait UIInterfaceOrientationLandscapeLeft UIInterfaceOrientationLandscapeRight";
				LD_RUNPATH_SEARCH_PATHS = (
					"$(inherited)",
					"@executable_path/Frameworks",
				);
				MARKETING_VERSION = 1.0;
				PRODUCT_BUNDLE_IDENTIFIER = "org.youthacks.aha-mobile";
				PRODUCT_NAME = "$(TARGET_NAME)";
				SUPPORTED_PLATFORMS = "iphoneos iphonesimulator";
				SUPPORTS_MACCATALYST = NO;
				SUPPORTS_MAC_DESIGNED_FOR_IPHONE_IPAD = NO;
				SUPPORTS_XR_DESIGNED_FOR_IPHONE_IPAD = NO;
				SWIFT_EMIT_LOC_STRINGS = YES;
				SWIFT_VERSION = 5.0;
				TARGETED_DEVICE_FAMILY = "1,2";
			};
			name = Debug;
		};
		34D0E66E2E1877D1004F45A3 /* Release */ = {
			isa = XCBuildConfiguration;
			buildSettings = {
				ASSETCATALOG_COMPILER_APPICON_NAME = AppIcon;
				ASSETCATALOG_COMPILER_GLOBAL_ACCENT_COLOR_NAME = AccentColor;
				CODE_SIGN_STYLE = Automatic;
				CURRENT_PROJECT_VERSION = 1;
				DEVELOPMENT_TEAM = P6PV2R9443;
				GENERATE_INFOPLIST_FILE = YES;
				INFOPLIST_FILE = "aha-mobile/Info.plist";
				INFOPLIST_KEY_UIApplicationSupportsIndirectInputEvents = YES;
				INFOPLIST_KEY_UILaunchStoryboardName = LaunchScreen;
				INFOPLIST_KEY_UIMainStoryboardFile = Main;
				INFOPLIST_KEY_UISupportedInterfaceOrientations_iPad = "UIInterfaceOrientationPortrait UIInterfaceOrientationPortraitUpsideDown UIInterfaceOrientationLandscapeLeft UIInterfaceOrientationLandscapeRight";
				INFOPLIST_KEY_UISupportedInterfaceOrientations_iPhone = "UIInterfaceOrientationPortrait UIInterfaceOrientationLandscapeLeft UIInterfaceOrientationLandscapeRight";
				LD_RUNPATH_SEARCH_PATHS = (
					"$(inherited)",
					"@executable_path/Frameworks",
				);
				MARKETING_VERSION = 1.0;
				PRODUCT_BUNDLE_IDENTIFIER = "org.youthacks.aha-mobile";
				PRODUCT_NAME = "$(TARGET_NAME)";
				SUPPORTED_PLATFORMS = "iphoneos iphonesimulator";
				SUPPORTS_MACCATALYST = NO;
				SUPPORTS_MAC_DESIGNED_FOR_IPHONE_IPAD = NO;
				SUPPORTS_XR_DESIGNED_FOR_IPHONE_IPAD = NO;
				SWIFT_EMIT_LOC_STRINGS = YES;
				SWIFT_VERSION = 5.0;
				TARGETED_DEVICE_FAMILY = "1,2";
			};
			name = Release;
		};
		34D0E66F2E1877D1004F45A3 /* Debug */ = {
			isa = XCBuildConfiguration;
			buildSettings = {
				ALWAYS_SEARCH_USER_PATHS = NO;
				ASSETCATALOG_COMPILER_GENERATE_SWIFT_ASSET_SYMBOL_EXTENSIONS = YES;
				CLANG_ANALYZER_NONNULL = YES;
				CLANG_ANALYZER_NUMBER_OBJECT_CONVERSION = YES_AGGRESSIVE;
				CLANG_CXX_LANGUAGE_STANDARD = "gnu++20";
				CLANG_ENABLE_MODULES = YES;
				CLANG_ENABLE_OBJC_ARC = YES;
				CLANG_ENABLE_OBJC_WEAK = YES;
				CLANG_WARN_BLOCK_CAPTURE_AUTORELEASING = YES;
				CLANG_WARN_BOOL_CONVERSION = YES;
				CLANG_WARN_COMMA = YES;
				CLANG_WARN_CONSTANT_CONVERSION = YES;
				CLANG_WARN_DEPRECATED_OBJC_IMPLEMENTATIONS = YES;
				CLANG_WARN_DIRECT_OBJC_ISA_USAGE = YES_ERROR;
				CLANG_WARN_DOCUMENTATION_COMMENTS = YES;
				CLANG_WARN_EMPTY_BODY = YES;
				CLANG_WARN_ENUM_CONVERSION = YES;
				CLANG_WARN_INFINITE_RECURSION = YES;
				CLANG_WARN_INT_CONVERSION = YES;
				CLANG_WARN_NON_LITERAL_NULL_CONVERSION = YES;
				CLANG_WARN_OBJC_IMPLICIT_RETAIN_SELF = YES;
				CLANG_WARN_OBJC_LITERAL_CONVERSION = YES;
				CLANG_WARN_OBJC_ROOT_CLASS = YES_ERROR;
				CLANG_WARN_QUOTED_INCLUDE_IN_FRAMEWORK_HEADER = YES;
				CLANG_WARN_RANGE_LOOP_ANALYSIS = YES;
				CLANG_WARN_STRICT_PROTOTYPES = YES;
				CLANG_WARN_SUSPICIOUS_MOVE = YES;
				CLANG_WARN_UNGUARDED_AVAILABILITY = YES_AGGRESSIVE;
				CLANG_WARN_UNREACHABLE_CODE = YES;
				CLANG_WARN__DUPLICATE_METHOD_MATCH = YES;
				COPY_PHASE_STRIP = NO;
				DEBUG_INFORMATION_FORMAT = dwarf;
				DEVELOPMENT_TEAM = P6PV2R9443;
				ENABLE_STRICT_OBJC_MSGSEND = YES;
				ENABLE_TESTABILITY = YES;
				ENABLE_USER_SCRIPT_SANDBOXING = YES;
				GCC_C_LANGUAGE_STANDARD = gnu17;
				GCC_DYNAMIC_NO_PIC = NO;
				GCC_NO_COMMON_BLOCKS = YES;
				GCC_OPTIMIZATION_LEVEL = 0;
				GCC_PREPROCESSOR_DEFINITIONS = (
					"DEBUG=1",
					"$(inherited)",
				);
				GCC_WARN_64_TO_32_BIT_CONVERSION = YES;
				GCC_WARN_ABOUT_RETURN_TYPE = YES_ERROR;
				GCC_WARN_UNDECLARED_SELECTOR = YES;
				GCC_WARN_UNINITIALIZED_AUTOS = YES_AGGRESSIVE;
				GCC_WARN_UNUSED_FUNCTION = YES;
				GCC_WARN_UNUSED_VARIABLE = YES;
				IPHONEOS_DEPLOYMENT_TARGET = 18.5;
				LOCALIZATION_PREFERS_STRING_CATALOGS = YES;
				MTL_ENABLE_DEBUG_INFO = INCLUDE_SOURCE;
				MTL_FAST_MATH = YES;
				ONLY_ACTIVE_ARCH = YES;
				SDKROOT = iphoneos;
				SWIFT_ACTIVE_COMPILATION_CONDITIONS = "DEBUG $(inherited)";
				SWIFT_OPTIMIZATION_LEVEL = "-Onone";
			};
			name = Debug;
		};
		34D0E6702E1877D1004F45A3 /* Release */ = {
			isa = XCBuildConfiguration;
			buildSettings = {
				ALWAYS_SEARCH_USER_PATHS = NO;
				ASSETCATALOG_COMPILER_GENERATE_SWIFT_ASSET_SYMBOL_EXTENSIONS = YES;
				CLANG_ANALYZER_NONNULL = YES;
				CLANG_ANALYZER_NUMBER_OBJECT_CONVERSION = YES_AGGRESSIVE;
				CLANG_CXX_LANGUAGE_STANDARD = "gnu++20";
				CLANG_ENABLE_MODULES = YES;
				CLANG_ENABLE_OBJC_ARC = YES;
				CLANG_ENABLE_OBJC_WEAK = YES;
				CLANG_WARN_BLOCK_CAPTURE_AUTORELEASING = YES;
				CLANG_WARN_BOOL_CONVERSION = YES;
				CLANG_WARN_COMMA = YES;
				CLANG_WARN_CONSTANT_CONVERSION = YES;
				CLANG_WARN_DEPRECATED_OBJC_IMPLEMENTATIONS = YES;
				CLANG_WARN_DIRECT_OBJC_ISA_USAGE = YES_ERROR;
				CLANG_WARN_DOCUMENTATION_COMMENTS = YES;
				CLANG_WARN_EMPTY_BODY = YES;
				CLANG_WARN_ENUM_CONVERSION = YES;
				CLANG_WARN_INFINITE_RECURSION = YES;
				CLANG_WARN_INT_CONVERSION = YES;
				CLANG_WARN_NON_LITERAL_NULL_CONVERSION = YES;
				CLANG_WARN_OBJC_IMPLICIT_RETAIN_SELF = YES;
				CLANG_WARN_OBJC_LITERAL_CONVERSION = YES;
				CLANG_WARN_OBJC_ROOT_CLASS = YES_ERROR;
				CLANG_WARN_QUOTED_INCLUDE_IN_FRAMEWORK_HEADER = YES;
				CLANG_WARN_RANGE_LOOP_ANALYSIS = YES;
				CLANG_WARN_STRICT_PROTOTYPES = YES;
				CLANG_WARN_SUSPICIOUS_MOVE = YES;
				CLANG_WARN_UNGUARDED_AVAILABILITY = YES_AGGRESSIVE;
				CLANG_WARN_UNREACHABLE_CODE = YES;
				CLANG_WARN__DUPLICATE_METHOD_MATCH = YES;
				COPY_PHASE_STRIP = NO;
				DEBUG_INFORMATION_FORMAT = "dwarf-with-dsym";
				DEVELOPMENT_TEAM = P6PV2R9443;
				ENABLE_NS_ASSERTIONS = NO;
				ENABLE_STRICT_OBJC_MSGSEND = YES;
				ENABLE_USER_SCRIPT_SANDBOXING = YES;
				GCC_C_LANGUAGE_STANDARD = gnu17;
				GCC_NO_COMMON_BLOCKS = YES;
				GCC_WARN_64_TO_32_BIT_CONVERSION = YES;
				GCC_WARN_ABOUT_RETURN_TYPE = YES_ERROR;
				GCC_WARN_UNDECLARED_SELECTOR = YES;
				GCC_WARN_UNINITIALIZED_AUTOS = YES_AGGRESSIVE;
				GCC_WARN_UNUSED_FUNCTION = YES;
				GCC_WARN_UNUSED_VARIABLE = YES;
				IPHONEOS_DEPLOYMENT_TARGET = 18.5;
				LOCALIZATION_PREFERS_STRING_CATALOGS = YES;
				MTL_ENABLE_DEBUG_INFO = NO;
				MTL_FAST_MATH = YES;
				SDKROOT = iphoneos;
				SWIFT_COMPILATION_MODE = wholemodule;
				VALIDATE_PRODUCT = YES;
			};
			name = Release;
		};
		34D0E6722E1877D1004F45A3 /* Debug */ = {
			isa = XCBuildConfiguration;
			buildSettings = {
				BUNDLE_LOADER = "$(TEST_HOST)";
				CODE_SIGN_STYLE = Automatic;
				CURRENT_PROJECT_VERSION = 1;
				DEVELOPMENT_TEAM = P6PV2R9443;
				GENERATE_INFOPLIST_FILE = YES;
				IPHONEOS_DEPLOYMENT_TARGET = 18.5;
				MARKETING_VERSION = 1.0;
				PRODUCT_BUNDLE_IDENTIFIER = "org.youthacks.aha-mobileTests";
				PRODUCT_NAME = "$(TARGET_NAME)";
				SWIFT_EMIT_LOC_STRINGS = NO;
				SWIFT_VERSION = 5.0;
				TARGETED_DEVICE_FAMILY = "1,2";
				TEST_HOST = "$(BUILT_PRODUCTS_DIR)/aha-mobile.app/$(BUNDLE_EXECUTABLE_FOLDER_PATH)/aha-mobile";
			};
			name = Debug;
		};
		34D0E6732E1877D1004F45A3 /* Release */ = {
			isa = XCBuildConfiguration;
			buildSettings = {
				BUNDLE_LOADER = "$(TEST_HOST)";
				CODE_SIGN_STYLE = Automatic;
				CURRENT_PROJECT_VERSION = 1;
				DEVELOPMENT_TEAM = P6PV2R9443;
				GENERATE_INFOPLIST_FILE = YES;
				IPHONEOS_DEPLOYMENT_TARGET = 18.5;
				MARKETING_VERSION = 1.0;
				PRODUCT_BUNDLE_IDENTIFIER = "org.youthacks.aha-mobileTests";
				PRODUCT_NAME = "$(TARGET_NAME)";
				SWIFT_EMIT_LOC_STRINGS = NO;
				SWIFT_VERSION = 5.0;
				TARGETED_DEVICE_FAMILY = "1,2";
				TEST_HOST = "$(BUILT_PRODUCTS_DIR)/aha-mobile.app/$(BUNDLE_EXECUTABLE_FOLDER_PATH)/aha-mobile";
			};
			name = Release;
		};
		34D0E6752E1877D1004F45A3 /* Debug */ = {
			isa = XCBuildConfiguration;
			buildSettings = {
				CODE_SIGN_STYLE = Automatic;
				CURRENT_PROJECT_VERSION = 1;
				DEVELOPMENT_TEAM = P6PV2R9443;
				GENERATE_INFOPLIST_FILE = YES;
				MARKETING_VERSION = 1.0;
				PRODUCT_BUNDLE_IDENTIFIER = "org.youthacks.aha-mobileUITests";
				PRODUCT_NAME = "$(TARGET_NAME)";
				SWIFT_EMIT_LOC_STRINGS = NO;
				SWIFT_VERSION = 5.0;
				TARGETED_DEVICE_FAMILY = "1,2";
				TEST_TARGET_NAME = "aha-mobile";
			};
			name = Debug;
		};
		34D0E6762E1877D1004F45A3 /* Release */ = {
			isa = XCBuildConfiguration;
			buildSettings = {
				CODE_SIGN_STYLE = Automatic;
				CURRENT_PROJECT_VERSION = 1;
				DEVELOPMENT_TEAM = P6PV2R9443;
				GENERATE_INFOPLIST_FILE = YES;
				MARKETING_VERSION = 1.0;
				PRODUCT_BUNDLE_IDENTIFIER = "org.youthacks.aha-mobileUITests";
				PRODUCT_NAME = "$(TARGET_NAME)";
				SWIFT_EMIT_LOC_STRINGS = NO;
				SWIFT_VERSION = 5.0;
				TARGETED_DEVICE_FAMILY = "1,2";
				TEST_TARGET_NAME = "aha-mobile";
			};
			name = Release;
		};
/* End XCBuildConfiguration section */

/* Begin XCConfigurationList section */
		34D0E63E2E1877CF004F45A3 /* Build configuration list for PBXProject "aha-mobile" */ = {
			isa = XCConfigurationList;
			buildConfigurations = (
				34D0E66F2E1877D1004F45A3 /* Debug */,
				34D0E6702E1877D1004F45A3 /* Release */,
			);
			defaultConfigurationIsVisible = 0;
			defaultConfigurationName = Release;
		};
		34D0E66C2E1877D1004F45A3 /* Build configuration list for PBXNativeTarget "aha-mobile" */ = {
			isa = XCConfigurationList;
			buildConfigurations = (
				34D0E66D2E1877D1004F45A3 /* Debug */,
				34D0E66E2E1877D1004F45A3 /* Release */,
			);
			defaultConfigurationIsVisible = 0;
			defaultConfigurationName = Release;
		};
		34D0E6712E1877D1004F45A3 /* Build configuration list for PBXNativeTarget "aha-mobileTests" */ = {
			isa = XCConfigurationList;
			buildConfigurations = (
				34D0E6722E1877D1004F45A3 /* Debug */,
				34D0E6732E1877D1004F45A3 /* Release */,
			);
			defaultConfigurationIsVisible = 0;
			defaultConfigurationName = Release;
		};
		34D0E6742E1877D1004F45A3 /* Build configuration list for PBXNativeTarget "aha-mobileUITests" */ = {
			isa = XCConfigurationList;
			buildConfigurations = (
				34D0E6752E1877D1004F45A3 /* Debug */,
				34D0E6762E1877D1004F45A3 /* Release */,
			);
			defaultConfigurationIsVisible = 0;
			defaultConfigurationName = Release;
		};
/* End XCConfigurationList section */
	};
	rootObject = 34D0E63B2E1877CF004F45A3 /* Project object */;
}
